
Microsoft Visual Studio Solution File, Format Version 11.00
# Visual Studio 2010
Project("{FAE04EC0-301F-11D3-BF4B-00C04F79EFBC}") = "PayPalExpressCheckoutLib", "PayPalExpressCheckoutLib\PayPalExpressCheckoutLib.csproj", "{F93D10E3-9564-44BA-9B36-7EF8D3770141}"
EndProject
Project("{FAE04EC0-301F-11D3-BF4B-00C04F79EFBC}") = "Example Site", "Example Site\Example Site.csproj", "{144539A9-A451-4D88-9C53-23BFB4016E18}"
EndProject
Global
	GlobalSection(SolutionConfigurationPlatforms) = preSolution
		Debug|Any CPU = Debug|Any CPU
		Release|Any CPU = Release|Any CPU
	EndGlobalSection
	GlobalSection(ProjectConfigurationPlatforms) = postSolution
		{F93D10E3-9564-44BA-9B36-7EF8D3770141}.Debug|Any CPU.ActiveCfg = Debug|Any CPU
		{F93D10E3-9564-44BA-9B36-7EF8D3770141}.Debug|Any CPU.Build.0 = Debug|Any CPU
		{F93D10E3-9564-44BA-9B36-7EF8D3770141}.Release|Any CPU.ActiveCfg = Release|Any CPU
		{F93D10E3-9564-44BA-9B36-7EF8D3770141}.Release|Any CPU.Build.0 = Release|Any CPU
		{144539A9-A451-4D88-9C53-23BFB4016E18}.Debug|Any CPU.ActiveCfg = Debug|Any CPU
		{144539A9-A451-4D88-9C53-23BFB4016E18}.Debug|Any CPU.Build.0 = Debug|Any CPU
		{144539A9-A451-4D88-9C53-23BFB4016E18}.Release|Any CPU.ActiveCfg = Release|Any CPU
		{144539A9-A451-4D88-9C53-23BFB4016E18}.Release|Any CPU.Build.0 = Release|Any CPU
	EndGlobalSection
	GlobalSection(SolutionProperties) = preSolution
		HideSolutionNode = FALSE
	EndGlobalSection
EndGlobal
