// !$*UTF8*$!
{
	archiveVersion = 1;
	classes = {
	};
	objectVersion = 46;
	objects = {

/* Begin PBXBuildFile section */
		1A97185818A36455004C3600 /* Foundation.framework in Frameworks */ = {isa = PBXBuildFile; fileRef = 1A97185718A36455004C3600 /* Foundation.framework */; };
		1A97185A18A36455004C3600 /* CoreGraphics.framework in Frameworks */ = {isa = PBXBuildFile; fileRef = 1A97185918A36455004C3600 /* CoreGraphics.framework */; };
		1A97185C18A36455004C3600 /* UIKit.framework in Frameworks */ = {isa = PBXBuildFile; fileRef = 1A97185B18A36455004C3600 /* UIKit.framework */; };
		1A97186218A36455004C3600 /* InfoPlist.strings in Resources */ = {isa = PBXBuildFile; fileRef = 1A97186018A36455004C3600 /* InfoPlist.strings */; };
		1A97186418A36455004C3600 /* main.m in Sources */ = {isa = PBXBuildFile; fileRef = 1A97186318A36455004C3600 /* main.m */; };
		1A97186818A36455004C3600 /* AppDelegate.m in Sources */ = {isa = PBXBuildFile; fileRef = 1A97186718A36455004C3600 /* AppDelegate.m */; };
		1A97187018A36455004C3600 /* Images.xcassets in Resources */ = {isa = PBXBuildFile; fileRef = 1A97186F18A36455004C3600 /* Images.xcassets */; };
		1A97187718A36455004C3600 /* XCTest.framework in Frameworks */ = {isa = PBXBuildFile; fileRef = 1A97187618A36455004C3600 /* XCTest.framework */; };
		1A97187818A36455004C3600 /* Foundation.framework in Frameworks */ = {isa = PBXBuildFile; fileRef = 1A97185718A36455004C3600 /* Foundation.framework */; };
		1A97187918A36455004C3600 /* UIKit.framework in Frameworks */ = {isa = PBXBuildFile; fileRef = 1A97185B18A36455004C3600 /* UIKit.framework */; };
		1A97188118A36455004C3600 /* InfoPlist.strings in Resources */ = {isa = PBXBuildFile; fileRef = 1A97187F18A36455004C3600 /* InfoPlist.strings */; };
		1A97188318A36455004C3600 /* HideUINavigationPushSegueExampleTests.m in Sources */ = {isa = PBXBuildFile; fileRef = 1A97188218A36455004C3600 /* HideUINavigationPushSegueExampleTests.m */; };
		1A9F6E2618A365D8002A1A45 /* CommonClass.m in Sources */ = {isa = PBXBuildFile; fileRef = 1A9F6E2518A365D8002A1A45 /* CommonClass.m */; };
		1A9F6E3718A37961002A1A45 /* FirstViewController.m in Sources */ = {isa = PBXBuildFile; fileRef = 1A9F6E3518A37961002A1A45 /* FirstViewController.m */; };
		1A9F6E3818A37961002A1A45 /* FirstViewController.xib in Resources */ = {isa = PBXBuildFile; fileRef = 1A9F6E3618A37961002A1A45 /* FirstViewController.xib */; };
		1A9F6E3C18A37A9A002A1A45 /* SecondViewController.m in Sources */ = {isa = PBXBuildFile; fileRef = 1A9F6E3A18A37A9A002A1A45 /* SecondViewController.m */; };
		1A9F6E3D18A37A9A002A1A45 /* SecondViewController.xib in Resources */ = {isa = PBXBuildFile; fileRef = 1A9F6E3B18A37A9A002A1A45 /* SecondViewController.xib */; };
		1A9F6E4118A37B2C002A1A45 /* ThirdViewController.m in Sources */ = {isa = PBXBuildFile; fileRef = 1A9F6E3F18A37B2C002A1A45 /* ThirdViewController.m */; };
		1A9F6E4218A37B2C002A1A45 /* ThirdViewController.xib in Resources */ = {isa = PBXBuildFile; fileRef = 1A9F6E4018A37B2C002A1A45 /* ThirdViewController.xib */; };
/* End PBXBuildFile section */

/* Begin PBXContainerItemProxy section */
		1A97187A18A36455004C3600 /* PBXContainerItemProxy */ = {
			isa = PBXContainerItemProxy;
			containerPortal = 1A97184C18A36455004C3600 /* Project object */;
			proxyType = 1;
			remoteGlobalIDString = 1A97185318A36455004C3600;
			remoteInfo = HideUINavigationPushSegueExample;
		};
/* End PBXContainerItemProxy section */

/* Begin PBXFileReference section */
		1A97185418A36455004C3600 /* HideUINavigationPushSegueExample.app */ = {isa = PBXFileReference; explicitFileType = wrapper.application; includeInIndex = 0; path = HideUINavigationPushSegueExample.app; sourceTree = BUILT_PRODUCTS_DIR; };
		1A97185718A36455004C3600 /* Foundation.framework */ = {isa = PBXFileReference; lastKnownFileType = wrapper.framework; name = Foundation.framework; path = System/Library/Frameworks/Foundation.framework; sourceTree = SDKROOT; };
		1A97185918A36455004C3600 /* CoreGraphics.framework */ = {isa = PBXFileReference; lastKnownFileType = wrapper.framework; name = CoreGraphics.framework; path = System/Library/Frameworks/CoreGraphics.framework; sourceTree = SDKROOT; };
		1A97185B18A36455004C3600 /* UIKit.framework */ = {isa = PBXFileReference; lastKnownFileType = wrapper.framework; name = UIKit.framework; path = System/Library/Frameworks/UIKit.framework; sourceTree = SDKROOT; };
		1A97185F18A36455004C3600 /* HideUINavigationPushSegueExample-Info.plist */ = {isa = PBXFileReference; lastKnownFileType = text.plist.xml; path = "HideUINavigationPushSegueExample-Info.plist"; sourceTree = "<group>"; };
		1A97186118A36455004C3600 /* en */ = {isa = PBXFileReference; lastKnownFileType = text.plist.strings; name = en; path = en.lproj/InfoPlist.strings; sourceTree = "<group>"; };
		1A97186318A36455004C3600 /* main.m */ = {isa = PBXFileReference; lastKnownFileType = sourcecode.c.objc; path = main.m; sourceTree = "<group>"; };
		1A97186518A36455004C3600 /* HideUINavigationPushSegueExample-Prefix.pch */ = {isa = PBXFileReference; lastKnownFileType = sourcecode.c.h; path = "HideUINavigationPushSegueExample-Prefix.pch"; sourceTree = "<group>"; };
		1A97186618A36455004C3600 /* AppDelegate.h */ = {isa = PBXFileReference; lastKnownFileType = sourcecode.c.h; path = AppDelegate.h; sourceTree = "<group>"; };
		1A97186718A36455004C3600 /* AppDelegate.m */ = {isa = PBXFileReference; lastKnownFileType = sourcecode.c.objc; path = AppDelegate.m; sourceTree = "<group>"; };
		1A97186F18A36455004C3600 /* Images.xcassets */ = {isa = PBXFileReference; lastKnownFileType = folder.assetcatalog; path = Images.xcassets; sourceTree = "<group>"; };
		1A97187518A36455004C3600 /* HideUINavigationPushSegueExampleTests.xctest */ = {isa = PBXFileReference; explicitFileType = wrapper.cfbundle; includeInIndex = 0; path = HideUINavigationPushSegueExampleTests.xctest; sourceTree = BUILT_PRODUCTS_DIR; };
		1A97187618A36455004C3600 /* XCTest.framework */ = {isa = PBXFileReference; lastKnownFileType = wrapper.framework; name = XCTest.framework; path = Library/Frameworks/XCTest.framework; sourceTree = DEVELOPER_DIR; };
		1A97187E18A36455004C3600 /* HideUINavigationPushSegueExampleTests-Info.plist */ = {isa = PBXFileReference; lastKnownFileType = text.plist.xml; path = "HideUINavigationPushSegueExampleTests-Info.plist"; sourceTree = "<group>"; };
		1A97188018A36455004C3600 /* en */ = {isa = PBXFileReference; lastKnownFileType = text.plist.strings; name = en; path = en.lproj/InfoPlist.strings; sourceTree = "<group>"; };
		1A97188218A36455004C3600 /* HideUINavigationPushSegueExampleTests.m */ = {isa = PBXFileReference; lastKnownFileType = sourcecode.c.objc; path = HideUINavigationPushSegueExampleTests.m; sourceTree = "<group>"; };
		1A9F6E2418A365D8002A1A45 /* CommonClass.h */ = {isa = PBXFileReference; fileEncoding = 4; lastKnownFileType = sourcecode.c.h; path = CommonClass.h; sourceTree = "<group>"; };
		1A9F6E2518A365D8002A1A45 /* CommonClass.m */ = {isa = PBXFileReference; fileEncoding = 4; lastKnownFileType = sourcecode.c.objc; path = CommonClass.m; sourceTree = "<group>"; };
		1A9F6E3418A37961002A1A45 /* FirstViewController.h */ = {isa = PBXFileReference; fileEncoding = 4; lastKnownFileType = sourcecode.c.h; path = FirstViewController.h; sourceTree = "<group>"; };
		1A9F6E3518A37961002A1A45 /* FirstViewController.m */ = {isa = PBXFileReference; fileEncoding = 4; lastKnownFileType = sourcecode.c.objc; path = FirstViewController.m; sourceTree = "<group>"; };
		1A9F6E3618A37961002A1A45 /* FirstViewController.xib */ = {isa = PBXFileReference; fileEncoding = 4; lastKnownFileType = file.xib; path = FirstViewController.xib; sourceTree = "<group>"; };
		1A9F6E3918A37A9A002A1A45 /* SecondViewController.h */ = {isa = PBXFileReference; fileEncoding = 4; lastKnownFileType = sourcecode.c.h; path = SecondViewController.h; sourceTree = "<group>"; };
		1A9F6E3A18A37A9A002A1A45 /* SecondViewController.m */ = {isa = PBXFileReference; fileEncoding = 4; lastKnownFileType = sourcecode.c.objc; path = SecondViewController.m; sourceTree = "<group>"; };
		1A9F6E3B18A37A9A002A1A45 /* SecondViewController.xib */ = {isa = PBXFileReference; fileEncoding = 4; lastKnownFileType = file.xib; path = SecondViewController.xib; sourceTree = "<group>"; };
		1A9F6E3E18A37B2C002A1A45 /* ThirdViewController.h */ = {isa = PBXFileReference; fileEncoding = 4; lastKnownFileType = sourcecode.c.h; path = ThirdViewController.h; sourceTree = "<group>"; };
		1A9F6E3F18A37B2C002A1A45 /* ThirdViewController.m */ = {isa = PBXFileReference; fileEncoding = 4; lastKnownFileType = sourcecode.c.objc; path = ThirdViewController.m; sourceTree = "<group>"; };
		1A9F6E4018A37B2C002A1A45 /* ThirdViewController.xib */ = {isa = PBXFileReference; fileEncoding = 4; lastKnownFileType = file.xib; path = ThirdViewController.xib; sourceTree = "<group>"; };
/* End PBXFileReference section */

/* Begin PBXFrameworksBuildPhase section */
		1A97185118A36455004C3600 /* Frameworks */ = {
			isa = PBXFrameworksBuildPhase;
			buildActionMask = 2147483647;
			files = (
				1A97185A18A36455004C3600 /* CoreGraphics.framework in Frameworks */,
				1A97185C18A36455004C3600 /* UIKit.framework in Frameworks */,
				1A97185818A36455004C3600 /* Foundation.framework in Frameworks */,
			);
			runOnlyForDeploymentPostprocessing = 0;
		};
		1A97187218A36455004C3600 /* Frameworks */ = {
			isa = PBXFrameworksBuildPhase;
			buildActionMask = 2147483647;
			files = (
				1A97187718A36455004C3600 /* XCTest.framework in Frameworks */,
				1A97187918A36455004C3600 /* UIKit.framework in Frameworks */,
				1A97187818A36455004C3600 /* Foundation.framework in Frameworks */,
			);
			runOnlyForDeploymentPostprocessing = 0;
		};
/* End PBXFrameworksBuildPhase section */

/* Begin PBXGroup section */
		1A97184B18A36455004C3600 = {
			isa = PBXGroup;
			children = (
				1A97185D18A36455004C3600 /* HideUINavigationPushSegueExample */,
				1A97187C18A36455004C3600 /* HideUINavigationPushSegueExampleTests */,
				1A97185618A36455004C3600 /* Frameworks */,
				1A97185518A36455004C3600 /* Products */,
			);
			sourceTree = "<group>";
		};
		1A97185518A36455004C3600 /* Products */ = {
			isa = PBXGroup;
			children = (
				1A97185418A36455004C3600 /* HideUINavigationPushSegueExample.app */,
				1A97187518A36455004C3600 /* HideUINavigationPushSegueExampleTests.xctest */,
			);
			name = Products;
			sourceTree = "<group>";
		};
		1A97185618A36455004C3600 /* Frameworks */ = {
			isa = PBXGroup;
			children = (
				1A97185718A36455004C3600 /* Foundation.framework */,
				1A97185918A36455004C3600 /* CoreGraphics.framework */,
				1A97185B18A36455004C3600 /* UIKit.framework */,
				1A97187618A36455004C3600 /* XCTest.framework */,
			);
			name = Frameworks;
			sourceTree = "<group>";
		};
		1A97185D18A36455004C3600 /* HideUINavigationPushSegueExample */ = {
			isa = PBXGroup;
			children = (
				1A97186618A36455004C3600 /* AppDelegate.h */,
				1A97186718A36455004C3600 /* AppDelegate.m */,
				1A97186F18A36455004C3600 /* Images.xcassets */,
				1A97185E18A36455004C3600 /* Supporting Files */,
				1A9F6E2418A365D8002A1A45 /* CommonClass.h */,
				1A9F6E2518A365D8002A1A45 /* CommonClass.m */,
				1A9F6E3418A37961002A1A45 /* FirstViewController.h */,
				1A9F6E3518A37961002A1A45 /* FirstViewController.m */,
				1A9F6E3618A37961002A1A45 /* FirstViewController.xib */,
				1A9F6E3918A37A9A002A1A45 /* SecondViewController.h */,
				1A9F6E3A18A37A9A002A1A45 /* SecondViewController.m */,
				1A9F6E3B18A37A9A002A1A45 /* SecondViewController.xib */,
				1A9F6E3E18A37B2C002A1A45 /* ThirdViewController.h */,
				1A9F6E3F18A37B2C002A1A45 /* ThirdViewController.m */,
				1A9F6E4018A37B2C002A1A45 /* ThirdViewController.xib */,
			);
			path = HideUINavigationPushSegueExample;
			sourceTree = "<group>";
		};
		1A97185E18A36455004C3600 /* Supporting Files */ = {
			isa = PBXGroup;
			children = (
				1A97185F18A36455004C3600 /* HideUINavigationPushSegueExample-Info.plist */,
				1A97186018A36455004C3600 /* InfoPlist.strings */,
				1A97186318A36455004C3600 /* main.m */,
				1A97186518A36455004C3600 /* HideUINavigationPushSegueExample-Prefix.pch */,
			);
			name = "Supporting Files";
			sourceTree = "<group>";
		};
		1A97187C18A36455004C3600 /* HideUINavigationPushSegueExampleTests */ = {
			isa = PBXGroup;
			children = (
				1A97188218A36455004C3600 /* HideUINavigationPushSegueExampleTests.m */,
				1A97187D18A36455004C3600 /* Supporting Files */,
			);
			path = HideUINavigationPushSegueExampleTests;
			sourceTree = "<group>";
		};
		1A97187D18A36455004C3600 /* Supporting Files */ = {
			isa = PBXGroup;
			children = (
				1A97187E18A36455004C3600 /* HideUINavigationPushSegueExampleTests-Info.plist */,
				1A97187F18A36455004C3600 /* InfoPlist.strings */,
			);
			name = "Supporting Files";
			sourceTree = "<group>";
		};
/* End PBXGroup section */

/* Begin PBXNativeTarget section */
		1A97185318A36455004C3600 /* HideUINavigationPushSegueExample */ = {
			isa = PBXNativeTarget;
			buildConfigurationList = 1A97188618A36455004C3600 /* Build configuration list for PBXNativeTarget "HideUINavigationPushSegueExample" */;
			buildPhases = (
				1A97185018A36455004C3600 /* Sources */,
				1A97185118A36455004C3600 /* Frameworks */,
				1A97185218A36455004C3600 /* Resources */,
			);
			buildRules = (
			);
			dependencies = (
			);
			name = HideUINavigationPushSegueExample;
			productName = HideUINavigationPushSegueExample;
			productReference = 1A97185418A36455004C3600 /* HideUINavigationPushSegueExample.app */;
			productType = "com.apple.product-type.application";
		};
		1A97187418A36455004C3600 /* HideUINavigationPushSegueExampleTests */ = {
			isa = PBXNativeTarget;
			buildConfigurationList = 1A97188918A36455004C3600 /* Build configuration list for PBXNativeTarget "HideUINavigationPushSegueExampleTests" */;
			buildPhases = (
				1A97187118A36455004C3600 /* Sources */,
				1A97187218A36455004C3600 /* Frameworks */,
				1A97187318A36455004C3600 /* Resources */,
			);
			buildRules = (
			);
			dependencies = (
				1A97187B18A36455004C3600 /* PBXTargetDependency */,
			);
			name = HideUINavigationPushSegueExampleTests;
			productName = HideUINavigationPushSegueExampleTests;
			productReference = 1A97187518A36455004C3600 /* HideUINavigationPushSegueExampleTests.xctest */;
			productType = "com.apple.product-type.bundle.unit-test";
		};
/* End PBXNativeTarget section */

/* Begin PBXProject section */
		1A97184C18A36455004C3600 /* Project object */ = {
			isa = PBXProject;
			attributes = {
				LastUpgradeCheck = 0500;
				ORGANIZATIONNAME = James;
				TargetAttributes = {
					1A97187418A36455004C3600 = {
						TestTargetID = 1A97185318A36455004C3600;
					};
				};
			};
			buildConfigurationList = 1A97184F18A36455004C3600 /* Build configuration list for PBXProject "HideUINavigationPushSegueExample" */;
			compatibilityVersion = "Xcode 3.2";
			developmentRegion = English;
			hasScannedForEncodings = 0;
			knownRegions = (
				en,
				Base,
			);
			mainGroup = 1A97184B18A36455004C3600;
			productRefGroup = 1A97185518A36455004C3600 /* Products */;
			projectDirPath = "";
			projectRoot = "";
			targets = (
				1A97185318A36455004C3600 /* HideUINavigationPushSegueExample */,
				1A97187418A36455004C3600 /* HideUINavigationPushSegueExampleTests */,
			);
		};
/* End PBXProject section */

/* Begin PBXResourcesBuildPhase section */
		1A97185218A36455004C3600 /* Resources */ = {
			isa = PBXResourcesBuildPhase;
			buildActionMask = 2147483647;
			files = (
				1A9F6E3D18A37A9A002A1A45 /* SecondViewController.xib in Resources */,
				1A97187018A36455004C3600 /* Images.xcassets in Resources */,
				1A97186218A36455004C3600 /* InfoPlist.strings in Resources */,
				1A9F6E4218A37B2C002A1A45 /* ThirdViewController.xib in Resources */,
				1A9F6E3818A37961002A1A45 /* FirstViewController.xib in Resources */,
			);
			runOnlyForDeploymentPostprocessing = 0;
		};
		1A97187318A36455004C3600 /* Resources */ = {
			isa = PBXResourcesBuildPhase;
			buildActionMask = 2147483647;
			files = (
				1A97188118A36455004C3600 /* InfoPlist.strings in Resources */,
			);
			runOnlyForDeploymentPostprocessing = 0;
		};
/* End PBXResourcesBuildPhase section */

/* Begin PBXSourcesBuildPhase section */
		1A97185018A36455004C3600 /* Sources */ = {
			isa = PBXSourcesBuildPhase;
			buildActionMask = 2147483647;
			files = (
				1A9F6E3718A37961002A1A45 /* FirstViewController.m in Sources */,
				1A9F6E3C18A37A9A002A1A45 /* SecondViewController.m in Sources */,
				1A97186818A36455004C3600 /* AppDelegate.m in Sources */,
				1A97186418A36455004C3600 /* main.m in Sources */,
				1A9F6E2618A365D8002A1A45 /* CommonClass.m in Sources */,
				1A9F6E4118A37B2C002A1A45 /* ThirdViewController.m in Sources */,
			);
			runOnlyForDeploymentPostprocessing = 0;
		};
		1A97187118A36455004C3600 /* Sources */ = {
			isa = PBXSourcesBuildPhase;
			buildActionMask = 2147483647;
			files = (
				1A97188318A36455004C3600 /* HideUINavigationPushSegueExampleTests.m in Sources */,
			);
			runOnlyForDeploymentPostprocessing = 0;
		};
/* End PBXSourcesBuildPhase section */

/* Begin PBXTargetDependency section */
		1A97187B18A36455004C3600 /* PBXTargetDependency */ = {
			isa = PBXTargetDependency;
			target = 1A97185318A36455004C3600 /* HideUINavigationPushSegueExample */;
			targetProxy = 1A97187A18A36455004C3600 /* PBXContainerItemProxy */;
		};
/* End PBXTargetDependency section */

/* Begin PBXVariantGroup section */
		1A97186018A36455004C3600 /* InfoPlist.strings */ = {
			isa = PBXVariantGroup;
			children = (
				1A97186118A36455004C3600 /* en */,
			);
			name = InfoPlist.strings;
			sourceTree = "<group>";
		};
		1A97187F18A36455004C3600 /* InfoPlist.strings */ = {
			isa = PBXVariantGroup;
			children = (
				1A97188018A36455004C3600 /* en */,
			);
			name = InfoPlist.strings;
			sourceTree = "<group>";
		};
/* End PBXVariantGroup section */

/* Begin XCBuildConfiguration section */
		1A97188418A36455004C3600 /* Debug */ = {
			isa = XCBuildConfiguration;
			buildSettings = {
				ALWAYS_SEARCH_USER_PATHS = NO;
				ARCHS = "$(ARCHS_STANDARD_INCLUDING_64_BIT)";
				CLANG_CXX_LANGUAGE_STANDARD = "gnu++0x";
				CLANG_CXX_LIBRARY = "libc++";
				CLANG_ENABLE_MODULES = YES;
				CLANG_ENABLE_OBJC_ARC = YES;
				CLANG_WARN_BOOL_CONVERSION = YES;
				CLANG_WARN_CONSTANT_CONVERSION = YES;
				CLANG_WARN_DIRECT_OBJC_ISA_USAGE = YES_ERROR;
				CLANG_WARN_EMPTY_BODY = YES;
				CLANG_WARN_ENUM_CONVERSION = YES;
				CLANG_WARN_INT_CONVERSION = YES;
				CLANG_WARN_OBJC_ROOT_CLASS = YES_ERROR;
				CLANG_WARN__DUPLICATE_METHOD_MATCH = YES;
				"CODE_SIGN_IDENTITY[sdk=iphoneos*]" = "iPhone Developer";
				COPY_PHASE_STRIP = NO;
				GCC_C_LANGUAGE_STANDARD = gnu99;
				GCC_DYNAMIC_NO_PIC = NO;
				GCC_OPTIMIZATION_LEVEL = 0;
				GCC_PREPROCESSOR_DEFINITIONS = (
					"DEBUG=1",
					"$(inherited)",
				);
				GCC_SYMBOLS_PRIVATE_EXTERN = NO;
				GCC_WARN_64_TO_32_BIT_CONVERSION = YES;
				GCC_WARN_ABOUT_RETURN_TYPE = YES_ERROR;
				GCC_WARN_UNDECLARED_SELECTOR = YES;
				GCC_WARN_UNINITIALIZED_AUTOS = YES;
				GCC_WARN_UNUSED_FUNCTION = YES;
				GCC_WARN_UNUSED_VARIABLE = YES;
				IPHONEOS_DEPLOYMENT_TARGET = 7.0;
				ONLY_ACTIVE_ARCH = YES;
				SDKROOT = iphoneos;
			};
			name = Debug;
		};
		1A97188518A36455004C3600 /* Release */ = {
			isa = XCBuildConfiguration;
			buildSettings = {
				ALWAYS_SEARCH_USER_PATHS = NO;
				ARCHS = "$(ARCHS_STANDARD_INCLUDING_64_BIT)";
				CLANG_CXX_LANGUAGE_STANDARD = "gnu++0x";
				CLANG_CXX_LIBRARY = "libc++";
				CLANG_ENABLE_MODULES = YES;
				CLANG_ENABLE_OBJC_ARC = YES;
				CLANG_WARN_BOOL_CONVERSION = YES;
				CLANG_WARN_CONSTANT_CONVERSION = YES;
				CLANG_WARN_DIRECT_OBJC_ISA_USAGE = YES_ERROR;
				CLANG_WARN_EMPTY_BODY = YES;
				CLANG_WARN_ENUM_CONVERSION = YES;
				CLANG_WARN_INT_CONVERSION = YES;
				CLANG_WARN_OBJC_ROOT_CLASS = YES_ERROR;
				CLANG_WARN__DUPLICATE_METHOD_MATCH = YES;
				"CODE_SIGN_IDENTITY[sdk=iphoneos*]" = "iPhone Developer";
				COPY_PHASE_STRIP = YES;
				ENABLE_NS_ASSERTIONS = NO;
				GCC_C_LANGUAGE_STANDARD = gnu99;
				GCC_WARN_64_TO_32_BIT_CONVERSION = YES;
				GCC_WARN_ABOUT_RETURN_TYPE = YES_ERROR;
				GCC_WARN_UNDECLARED_SELECTOR = YES;
				GCC_WARN_UNINITIALIZED_AUTOS = YES;
				GCC_WARN_UNUSED_FUNCTION = YES;
				GCC_WARN_UNUSED_VARIABLE = YES;
				IPHONEOS_DEPLOYMENT_TARGET = 7.0;
				SDKROOT = iphoneos;
				VALIDATE_PRODUCT = YES;
			};
			name = Release;
		};
		1A97188718A36455004C3600 /* Debug */ = {
			isa = XCBuildConfiguration;
			buildSettings = {
				ASSETCATALOG_COMPILER_APPICON_NAME = AppIcon;
				ASSETCATALOG_COMPILER_LAUNCHIMAGE_NAME = LaunchImage;
				GCC_PRECOMPILE_PREFIX_HEADER = YES;
				GCC_PREFIX_HEADER = "HideUINavigationPushSegueExample/HideUINavigationPushSegueExample-Prefix.pch";
				INFOPLIST_FILE = "HideUINavigationPushSegueExample/HideUINavigationPushSegueExample-Info.plist";
				PRODUCT_NAME = "$(TARGET_NAME)";
				WRAPPER_EXTENSION = app;
			};
			name = Debug;
		};
		1A97188818A36455004C3600 /* Release */ = {
			isa = XCBuildConfiguration;
			buildSettings = {
				ASSETCATALOG_COMPILER_APPICON_NAME = AppIcon;
				ASSETCATALOG_COMPILER_LAUNCHIMAGE_NAME = LaunchImage;
				GCC_PRECOMPILE_PREFIX_HEADER = YES;
				GCC_PREFIX_HEADER = "HideUINavigationPushSegueExample/HideUINavigationPushSegueExample-Prefix.pch";
				INFOPLIST_FILE = "HideUINavigationPushSegueExample/HideUINavigationPushSegueExample-Info.plist";
				PRODUCT_NAME = "$(TARGET_NAME)";
				WRAPPER_EXTENSION = app;
			};
			name = Release;
		};
		1A97188A18A36455004C3600 /* Debug */ = {
			isa = XCBuildConfiguration;
			buildSettings = {
				ARCHS = "$(ARCHS_STANDARD_INCLUDING_64_BIT)";
				BUNDLE_LOADER = "$(BUILT_PRODUCTS_DIR)/HideUINavigationPushSegueExample.app/HideUINavigationPushSegueExample";
				FRAMEWORK_SEARCH_PATHS = (
					"$(SDKROOT)/Developer/Library/Frameworks",
					"$(inherited)",
					"$(DEVELOPER_FRAMEWORKS_DIR)",
				);
				GCC_PRECOMPILE_PREFIX_HEADER = YES;
				GCC_PREFIX_HEADER = "HideUINavigationPushSegueExample/HideUINavigationPushSegueExample-Prefix.pch";
				GCC_PREPROCESSOR_DEFINITIONS = (
					"DEBUG=1",
					"$(inherited)",
				);
				INFOPLIST_FILE = "HideUINavigationPushSegueExampleTests/HideUINavigationPushSegueExampleTests-Info.plist";
				PRODUCT_NAME = "$(TARGET_NAME)";
				TEST_HOST = "$(BUNDLE_LOADER)";
				WRAPPER_EXTENSION = xctest;
			};
			name = Debug;
		};
		1A97188B18A36455004C3600 /* Release */ = {
			isa = XCBuildConfiguration;
			buildSettings = {
				ARCHS = "$(ARCHS_STANDARD_INCLUDING_64_BIT)";
				BUNDLE_LOADER = "$(BUILT_PRODUCTS_DIR)/HideUINavigationPushSegueExample.app/HideUINavigationPushSegueExample";
				FRAMEWORK_SEARCH_PATHS = (
					"$(SDKROOT)/Developer/Library/Frameworks",
					"$(inherited)",
					"$(DEVELOPER_FRAMEWORKS_DIR)",
				);
				GCC_PRECOMPILE_PREFIX_HEADER = YES;
				GCC_PREFIX_HEADER = "HideUINavigationPushSegueExample/HideUINavigationPushSegueExample-Prefix.pch";
				INFOPLIST_FILE = "HideUINavigationPushSegueExampleTests/HideUINavigationPushSegueExampleTests-Info.plist";
				PRODUCT_NAME = "$(TARGET_NAME)";
				TEST_HOST = "$(BUNDLE_LOADER)";
				WRAPPER_EXTENSION = xctest;
			};
			name = Release;
		};
/* End XCBuildConfiguration section */

/* Begin XCConfigurationList section */
		1A97184F18A36455004C3600 /* Build configuration list for PBXProject "HideUINavigationPushSegueExample" */ = {
			isa = XCConfigurationList;
			buildConfigurations = (
				1A97188418A36455004C3600 /* Debug */,
				1A97188518A36455004C3600 /* Release */,
			);
			defaultConfigurationIsVisible = 0;
			defaultConfigurationName = Release;
		};
		1A97188618A36455004C3600 /* Build configuration list for PBXNativeTarget "HideUINavigationPushSegueExample" */ = {
			isa = XCConfigurationList;
			buildConfigurations = (
				1A97188718A36455004C3600 /* Debug */,
				1A97188818A36455004C3600 /* Release */,
			);
			defaultConfigurationIsVisible = 0;
			defaultConfigurationName = Release;
		};
		1A97188918A36455004C3600 /* Build configuration list for PBXNativeTarget "HideUINavigationPushSegueExampleTests" */ = {
			isa = XCConfigurationList;
			buildConfigurations = (
				1A97188A18A36455004C3600 /* Debug */,
				1A97188B18A36455004C3600 /* Release */,
			);
			defaultConfigurationIsVisible = 0;
			defaultConfigurationName = Release;
		};
/* End XCConfigurationList section */
	};
	rootObject = 1A97184C18A36455004C3600 /* Project object */;
}
