// !$*UTF8*$!
{
	archiveVersion = 1;
	classes = {
	};
	objectVersion = 46;
	objects = {

/* Begin PBXBuildFile section */
		1A2CEDAF165E3A80002C1D45 /* UIKit.framework in Frameworks */ = {isa = PBXBuildFile; fileRef = 1A2CEDAE165E3A7F002C1D45 /* UIKit.framework */; };
		1A2CEDB1165E3A80002C1D45 /* Foundation.framework in Frameworks */ = {isa = PBXBuildFile; fileRef = 1A2CEDB0165E3A80002C1D45 /* Foundation.framework */; };
		1A2CEDB3165E3A80002C1D45 /* CoreGraphics.framework in Frameworks */ = {isa = PBXBuildFile; fileRef = 1A2CEDB2165E3A80002C1D45 /* CoreGraphics.framework */; };
		1A2CEDB9165E3A80002C1D45 /* InfoPlist.strings in Resources */ = {isa = PBXBuildFile; fileRef = 1A2CEDB7165E3A80002C1D45 /* InfoPlist.strings */; };
		1A2CEDBB165E3A80002C1D45 /* main.m in Sources */ = {isa = PBXBuildFile; fileRef = 1A2CEDBA165E3A80002C1D45 /* main.m */; };
		1A2CEDBF165E3A80002C1D45 /* AppDelegate.m in Sources */ = {isa = PBXBuildFile; fileRef = 1A2CEDBE165E3A80002C1D45 /* AppDelegate.m */; };
		1A2CEDC2165E3A80002C1D45 /* MainStoryboard_iPhone.storyboard in Resources */ = {isa = PBXBuildFile; fileRef = 1A2CEDC0165E3A80002C1D45 /* MainStoryboard_iPhone.storyboard */; };
		1A2CEDC5165E3A80002C1D45 /* MainStoryboard_iPad.storyboard in Resources */ = {isa = PBXBuildFile; fileRef = 1A2CEDC3165E3A80002C1D45 /* MainStoryboard_iPad.storyboard */; };
		1A2CEDD1165E3AC2002C1D45 /* PullDownRefreshTableViewController.m in Sources */ = {isa = PBXBuildFile; fileRef = 1A2CEDCE165E3AC2002C1D45 /* PullDownRefreshTableViewController.m */; };
		1A2CEDD2165E3AC2002C1D45 /* arrow.png in Resources */ = {isa = PBXBuildFile; fileRef = 1A2CEDD0165E3AC2002C1D45 /* arrow.png */; };
		1A2CEDD8165E3C0B002C1D45 /* QuartzCore.framework in Frameworks */ = {isa = PBXBuildFile; fileRef = 1A2CEDD7165E3C0B002C1D45 /* QuartzCore.framework */; };
/* End PBXBuildFile section */

/* Begin PBXFileReference section */
		1A2CEDAA165E3A7F002C1D45 /* PullDownRefreshTable.app */ = {isa = PBXFileReference; explicitFileType = wrapper.application; includeInIndex = 0; path = PullDownRefreshTable.app; sourceTree = BUILT_PRODUCTS_DIR; };
		1A2CEDAE165E3A7F002C1D45 /* UIKit.framework */ = {isa = PBXFileReference; lastKnownFileType = wrapper.framework; name = UIKit.framework; path = System/Library/Frameworks/UIKit.framework; sourceTree = SDKROOT; };
		1A2CEDB0165E3A80002C1D45 /* Foundation.framework */ = {isa = PBXFileReference; lastKnownFileType = wrapper.framework; name = Foundation.framework; path = System/Library/Frameworks/Foundation.framework; sourceTree = SDKROOT; };
		1A2CEDB2165E3A80002C1D45 /* CoreGraphics.framework */ = {isa = PBXFileReference; lastKnownFileType = wrapper.framework; name = CoreGraphics.framework; path = System/Library/Frameworks/CoreGraphics.framework; sourceTree = SDKROOT; };
		1A2CEDB6165E3A80002C1D45 /* PullDownRefreshTable-Info.plist */ = {isa = PBXFileReference; lastKnownFileType = text.plist.xml; path = "PullDownRefreshTable-Info.plist"; sourceTree = "<group>"; };
		1A2CEDB8165E3A80002C1D45 /* en */ = {isa = PBXFileReference; lastKnownFileType = text.plist.strings; name = en; path = en.lproj/InfoPlist.strings; sourceTree = "<group>"; };
		1A2CEDBA165E3A80002C1D45 /* main.m */ = {isa = PBXFileReference; lastKnownFileType = sourcecode.c.objc; path = main.m; sourceTree = "<group>"; };
		1A2CEDBC165E3A80002C1D45 /* PullDownRefreshTable-Prefix.pch */ = {isa = PBXFileReference; lastKnownFileType = sourcecode.c.h; path = "PullDownRefreshTable-Prefix.pch"; sourceTree = "<group>"; };
		1A2CEDBD165E3A80002C1D45 /* AppDelegate.h */ = {isa = PBXFileReference; lastKnownFileType = sourcecode.c.h; path = AppDelegate.h; sourceTree = "<group>"; };
		1A2CEDBE165E3A80002C1D45 /* AppDelegate.m */ = {isa = PBXFileReference; lastKnownFileType = sourcecode.c.objc; path = AppDelegate.m; sourceTree = "<group>"; };
		1A2CEDC1165E3A80002C1D45 /* en */ = {isa = PBXFileReference; lastKnownFileType = file.storyboard; name = en; path = en.lproj/MainStoryboard_iPhone.storyboard; sourceTree = "<group>"; };
		1A2CEDC4165E3A80002C1D45 /* en */ = {isa = PBXFileReference; lastKnownFileType = file.storyboard; name = en; path = en.lproj/MainStoryboard_iPad.storyboard; sourceTree = "<group>"; };
		1A2CEDCE165E3AC2002C1D45 /* PullDownRefreshTableViewController.m */ = {isa = PBXFileReference; fileEncoding = 4; lastKnownFileType = sourcecode.c.objc; path = PullDownRefreshTableViewController.m; sourceTree = "<group>"; };
		1A2CEDCF165E3AC2002C1D45 /* PullDownRefreshTableViewController.h */ = {isa = PBXFileReference; fileEncoding = 4; lastKnownFileType = sourcecode.c.h; path = PullDownRefreshTableViewController.h; sourceTree = "<group>"; };
		1A2CEDD0165E3AC2002C1D45 /* arrow.png */ = {isa = PBXFileReference; lastKnownFileType = image.png; path = arrow.png; sourceTree = "<group>"; };
		1A2CEDD7165E3C0B002C1D45 /* QuartzCore.framework */ = {isa = PBXFileReference; lastKnownFileType = wrapper.framework; name = QuartzCore.framework; path = System/Library/Frameworks/QuartzCore.framework; sourceTree = SDKROOT; };
/* End PBXFileReference section */

/* Begin PBXFrameworksBuildPhase section */
		1A2CEDA7165E3A7F002C1D45 /* Frameworks */ = {
			isa = PBXFrameworksBuildPhase;
			buildActionMask = 2147483647;
			files = (
				1A2CEDD8165E3C0B002C1D45 /* QuartzCore.framework in Frameworks */,
				1A2CEDAF165E3A80002C1D45 /* UIKit.framework in Frameworks */,
				1A2CEDB1165E3A80002C1D45 /* Foundation.framework in Frameworks */,
				1A2CEDB3165E3A80002C1D45 /* CoreGraphics.framework in Frameworks */,
			);
			runOnlyForDeploymentPostprocessing = 0;
		};
/* End PBXFrameworksBuildPhase section */

/* Begin PBXGroup section */
		1A2CED9F165E3A7F002C1D45 = {
			isa = PBXGroup;
			children = (
				1A2CEDD7165E3C0B002C1D45 /* QuartzCore.framework */,
				1A2CEDB4165E3A80002C1D45 /* PullDownRefreshTable */,
				1A2CEDAD165E3A7F002C1D45 /* Frameworks */,
				1A2CEDAB165E3A7F002C1D45 /* Products */,
			);
			sourceTree = "<group>";
		};
		1A2CEDAB165E3A7F002C1D45 /* Products */ = {
			isa = PBXGroup;
			children = (
				1A2CEDAA165E3A7F002C1D45 /* PullDownRefreshTable.app */,
			);
			name = Products;
			sourceTree = "<group>";
		};
		1A2CEDAD165E3A7F002C1D45 /* Frameworks */ = {
			isa = PBXGroup;
			children = (
				1A2CEDAE165E3A7F002C1D45 /* UIKit.framework */,
				1A2CEDB0165E3A80002C1D45 /* Foundation.framework */,
				1A2CEDB2165E3A80002C1D45 /* CoreGraphics.framework */,
			);
			name = Frameworks;
			sourceTree = "<group>";
		};
		1A2CEDB4165E3A80002C1D45 /* PullDownRefreshTable */ = {
			isa = PBXGroup;
			children = (
				1A2CEDCE165E3AC2002C1D45 /* PullDownRefreshTableViewController.m */,
				1A2CEDCF165E3AC2002C1D45 /* PullDownRefreshTableViewController.h */,
				1A2CEDD0165E3AC2002C1D45 /* arrow.png */,
				1A2CEDBD165E3A80002C1D45 /* AppDelegate.h */,
				1A2CEDBE165E3A80002C1D45 /* AppDelegate.m */,
				1A2CEDC0165E3A80002C1D45 /* MainStoryboard_iPhone.storyboard */,
				1A2CEDC3165E3A80002C1D45 /* MainStoryboard_iPad.storyboard */,
				1A2CEDB5165E3A80002C1D45 /* Supporting Files */,
			);
			path = PullDownRefreshTable;
			sourceTree = "<group>";
		};
		1A2CEDB5165E3A80002C1D45 /* Supporting Files */ = {
			isa = PBXGroup;
			children = (
				1A2CEDB6165E3A80002C1D45 /* PullDownRefreshTable-Info.plist */,
				1A2CEDB7165E3A80002C1D45 /* InfoPlist.strings */,
				1A2CEDBA165E3A80002C1D45 /* main.m */,
				1A2CEDBC165E3A80002C1D45 /* PullDownRefreshTable-Prefix.pch */,
			);
			name = "Supporting Files";
			sourceTree = "<group>";
		};
/* End PBXGroup section */

/* Begin PBXNativeTarget section */
		1A2CEDA9165E3A7F002C1D45 /* PullDownRefreshTable */ = {
			isa = PBXNativeTarget;
			buildConfigurationList = 1A2CEDCB165E3A80002C1D45 /* Build configuration list for PBXNativeTarget "PullDownRefreshTable" */;
			buildPhases = (
				1A2CEDA6165E3A7F002C1D45 /* Sources */,
				1A2CEDA7165E3A7F002C1D45 /* Frameworks */,
				1A2CEDA8165E3A7F002C1D45 /* Resources */,
			);
			buildRules = (
			);
			dependencies = (
			);
			name = PullDownRefreshTable;
			productName = PullDownRefreshTable;
			productReference = 1A2CEDAA165E3A7F002C1D45 /* PullDownRefreshTable.app */;
			productType = "com.apple.product-type.application";
		};
/* End PBXNativeTarget section */

/* Begin PBXProject section */
		1A2CEDA1165E3A7F002C1D45 /* Project object */ = {
			isa = PBXProject;
			attributes = {
				LastUpgradeCheck = 0420;
			};
			buildConfigurationList = 1A2CEDA4165E3A7F002C1D45 /* Build configuration list for PBXProject "PullDownRefreshTable" */;
			compatibilityVersion = "Xcode 3.2";
			developmentRegion = English;
			hasScannedForEncodings = 0;
			knownRegions = (
				en,
			);
			mainGroup = 1A2CED9F165E3A7F002C1D45;
			productRefGroup = 1A2CEDAB165E3A7F002C1D45 /* Products */;
			projectDirPath = "";
			projectRoot = "";
			targets = (
				1A2CEDA9165E3A7F002C1D45 /* PullDownRefreshTable */,
			);
		};
/* End PBXProject section */

/* Begin PBXResourcesBuildPhase section */
		1A2CEDA8165E3A7F002C1D45 /* Resources */ = {
			isa = PBXResourcesBuildPhase;
			buildActionMask = 2147483647;
			files = (
				1A2CEDB9165E3A80002C1D45 /* InfoPlist.strings in Resources */,
				1A2CEDC2165E3A80002C1D45 /* MainStoryboard_iPhone.storyboard in Resources */,
				1A2CEDC5165E3A80002C1D45 /* MainStoryboard_iPad.storyboard in Resources */,
				1A2CEDD2165E3AC2002C1D45 /* arrow.png in Resources */,
			);
			runOnlyForDeploymentPostprocessing = 0;
		};
/* End PBXResourcesBuildPhase section */

/* Begin PBXSourcesBuildPhase section */
		1A2CEDA6165E3A7F002C1D45 /* Sources */ = {
			isa = PBXSourcesBuildPhase;
			buildActionMask = 2147483647;
			files = (
				1A2CEDBB165E3A80002C1D45 /* main.m in Sources */,
				1A2CEDBF165E3A80002C1D45 /* AppDelegate.m in Sources */,
				1A2CEDD1165E3AC2002C1D45 /* PullDownRefreshTableViewController.m in Sources */,
			);
			runOnlyForDeploymentPostprocessing = 0;
		};
/* End PBXSourcesBuildPhase section */

/* Begin PBXVariantGroup section */
		1A2CEDB7165E3A80002C1D45 /* InfoPlist.strings */ = {
			isa = PBXVariantGroup;
			children = (
				1A2CEDB8165E3A80002C1D45 /* en */,
			);
			name = InfoPlist.strings;
			sourceTree = "<group>";
		};
		1A2CEDC0165E3A80002C1D45 /* MainStoryboard_iPhone.storyboard */ = {
			isa = PBXVariantGroup;
			children = (
				1A2CEDC1165E3A80002C1D45 /* en */,
			);
			name = MainStoryboard_iPhone.storyboard;
			sourceTree = "<group>";
		};
		1A2CEDC3165E3A80002C1D45 /* MainStoryboard_iPad.storyboard */ = {
			isa = PBXVariantGroup;
			children = (
				1A2CEDC4165E3A80002C1D45 /* en */,
			);
			name = MainStoryboard_iPad.storyboard;
			sourceTree = "<group>";
		};
/* End PBXVariantGroup section */

/* Begin XCBuildConfiguration section */
		1A2CEDC9165E3A80002C1D45 /* Debug */ = {
			isa = XCBuildConfiguration;
			buildSettings = {
				ALWAYS_SEARCH_USER_PATHS = NO;
				ARCHS = "$(ARCHS_STANDARD_32_BIT)";
				CLANG_ENABLE_OBJC_ARC = YES;
				"CODE_SIGN_IDENTITY[sdk=iphoneos*]" = "iPhone Developer";
				COPY_PHASE_STRIP = NO;
				GCC_C_LANGUAGE_STANDARD = gnu99;
				GCC_DYNAMIC_NO_PIC = NO;
				GCC_OPTIMIZATION_LEVEL = 0;
				GCC_PREPROCESSOR_DEFINITIONS = (
					"DEBUG=1",
					"$(inherited)",
				);
				GCC_SYMBOLS_PRIVATE_EXTERN = NO;
				GCC_VERSION = com.apple.compilers.llvm.clang.1_0;
				GCC_WARN_ABOUT_MISSING_PROTOTYPES = YES;
				GCC_WARN_ABOUT_RETURN_TYPE = YES;
				GCC_WARN_UNUSED_VARIABLE = YES;
				IPHONEOS_DEPLOYMENT_TARGET = 5.1;
				SDKROOT = iphoneos;
				TARGETED_DEVICE_FAMILY = "1,2";
			};
			name = Debug;
		};
		1A2CEDCA165E3A80002C1D45 /* Release */ = {
			isa = XCBuildConfiguration;
			buildSettings = {
				ALWAYS_SEARCH_USER_PATHS = NO;
				ARCHS = "$(ARCHS_STANDARD_32_BIT)";
				CLANG_ENABLE_OBJC_ARC = YES;
				"CODE_SIGN_IDENTITY[sdk=iphoneos*]" = "iPhone Developer";
				COPY_PHASE_STRIP = YES;
				GCC_C_LANGUAGE_STANDARD = gnu99;
				GCC_VERSION = com.apple.compilers.llvm.clang.1_0;
				GCC_WARN_ABOUT_MISSING_PROTOTYPES = YES;
				GCC_WARN_ABOUT_RETURN_TYPE = YES;
				GCC_WARN_UNUSED_VARIABLE = YES;
				IPHONEOS_DEPLOYMENT_TARGET = 5.1;
				OTHER_CFLAGS = "-DNS_BLOCK_ASSERTIONS=1";
				SDKROOT = iphoneos;
				TARGETED_DEVICE_FAMILY = "1,2";
				VALIDATE_PRODUCT = YES;
			};
			name = Release;
		};
		1A2CEDCC165E3A80002C1D45 /* Debug */ = {
			isa = XCBuildConfiguration;
			buildSettings = {
				GCC_PRECOMPILE_PREFIX_HEADER = YES;
				GCC_PREFIX_HEADER = "PullDownRefreshTable/PullDownRefreshTable-Prefix.pch";
				INFOPLIST_FILE = "PullDownRefreshTable/PullDownRefreshTable-Info.plist";
				PRODUCT_NAME = "$(TARGET_NAME)";
				WRAPPER_EXTENSION = app;
			};
			name = Debug;
		};
		1A2CEDCD165E3A80002C1D45 /* Release */ = {
			isa = XCBuildConfiguration;
			buildSettings = {
				GCC_PRECOMPILE_PREFIX_HEADER = YES;
				GCC_PREFIX_HEADER = "PullDownRefreshTable/PullDownRefreshTable-Prefix.pch";
				INFOPLIST_FILE = "PullDownRefreshTable/PullDownRefreshTable-Info.plist";
				PRODUCT_NAME = "$(TARGET_NAME)";
				WRAPPER_EXTENSION = app;
			};
			name = Release;
		};
/* End XCBuildConfiguration section */

/* Begin XCConfigurationList section */
		1A2CEDA4165E3A7F002C1D45 /* Build configuration list for PBXProject "PullDownRefreshTable" */ = {
			isa = XCConfigurationList;
			buildConfigurations = (
				1A2CEDC9165E3A80002C1D45 /* Debug */,
				1A2CEDCA165E3A80002C1D45 /* Release */,
			);
			defaultConfigurationIsVisible = 0;
			defaultConfigurationName = Release;
		};
		1A2CEDCB165E3A80002C1D45 /* Build configuration list for PBXNativeTarget "PullDownRefreshTable" */ = {
			isa = XCConfigurationList;
			buildConfigurations = (
				1A2CEDCC165E3A80002C1D45 /* Debug */,
				1A2CEDCD165E3A80002C1D45 /* Release */,
			);
			defaultConfigurationIsVisible = 0;
		};
/* End XCConfigurationList section */
	};
	rootObject = 1A2CEDA1165E3A7F002C1D45 /* Project object */;
}
